
Microsoft Visual Studio Solution File, Format Version 12.00
# Visual Studio Version 16
VisualStudioVersion = 16.0.31402.337
MinimumVisualStudioVersion = 10.0.40219.1
Project("{8BC9CEB8-8B4A-11D0-8D11-00A0C91BC942}") = "Bj_11053", "Bj_11053\Bj_11053.vcxproj", "{CD394E8E-2FBC-4F97-AE85-42446EDDF5F1}"
EndProject
Global
	GlobalSection(SolutionConfigurationPlatforms) = preSolution
		Debug|x64 = Debug|x64
		Debug|x86 = Debug|x86
		Release|x64 = Release|x64
		Release|x86 = Release|x86
	EndGlobalSection
	GlobalSection(ProjectConfigurationPlatforms) = postSolution
		{CD394E8E-2FBC-4F97-AE85-42446EDDF5F1}.Debug|x64.ActiveCfg = Debug|x64
		{CD394E8E-2FBC-4F97-AE85-42446EDDF5F1}.Debug|x64.Build.0 = Debug|x64
		{CD394E8E-2FBC-4F97-AE85-42446EDDF5F1}.Debug|x86.ActiveCfg = Debug|Win32
		{CD394E8E-2FBC-4F97-AE85-42446EDDF5F1}.Debug|x86.Build.0 = Debug|Win32
		{CD394E8E-2FBC-4F97-AE85-42446EDDF5F1}.Release|x64.ActiveCfg = Release|x64
		{CD394E8E-2FBC-4F97-AE85-42446EDDF5F1}.Release|x64.Build.0 = Release|x64
		{CD394E8E-2FBC-4F97-AE85-42446EDDF5F1}.Release|x86.ActiveCfg = Release|Win32
		{CD394E8E-2FBC-4F97-AE85-42446EDDF5F1}.Release|x86.Build.0 = Release|Win32
	EndGlobalSection
	GlobalSection(SolutionProperties) = preSolution
		HideSolutionNode = FALSE
	EndGlobalSection
	GlobalSection(ExtensibilityGlobals) = postSolution
		SolutionGuid = {D601C1F3-E452-4F5D-B231-C90C23328761}
	EndGlobalSection
EndGlobal
